// !$*UTF8*$!
{
	archiveVersion = 1;
	classes = {
	};
	objectVersion = 46;
	objects = {

/* Begin PBXBuildFile section */
		0A7C37D81A63172500135E66 /* AppDelegate.m in Sources */ = {isa = PBXBuildFile; fileRef = 0A7C37D71A63172500135E66 /* AppDelegate.m */; };
		0A7C37DB1A63172F00135E66 /* ViewController.m in Sources */ = {isa = PBXBuildFile; fileRef = 0A7C37DA1A63172F00135E66 /* ViewController.m */; };
		0A7C37E01A63175F00135E66 /* Images.xcassets in Resources */ = {isa = PBXBuildFile; fileRef = 0A7C37DF1A63175F00135E66 /* Images.xcassets */; };
		0A7C37E71A63177400135E66 /* main.m in Sources */ = {isa = PBXBuildFile; fileRef = 0A7C37E51A63177400135E66 /* main.m */; };
		0A7C37F91A63183D00135E66 /* pwd_error@2x.png in Resources */ = {isa = PBXBuildFile; fileRef = 0A7C37F71A63183D00135E66 /* pwd_error@2x.png */; };
		0A7C37FA1A63183D00135E66 /* pwd_ok@2x.png in Resources */ = {isa = PBXBuildFile; fileRef = 0A7C37F81A63183D00135E66 /* pwd_ok@2x.png */; };
		0A7C37FF1A63185900135E66 /* CKPasswordCell.m in Sources */ = {isa = PBXBuildFile; fileRef = 0A7C37FD1A63185900135E66 /* CKPasswordCell.m */; };
		0A7C38001A63185900135E66 /* CKPasswordCell.xib in Resources */ = {isa = PBXBuildFile; fileRef = 0A7C37FE1A63185900135E66 /* CKPasswordCell.xib */; };
		0A7C38081A63187A00135E66 /* CKPasswordValidator.m in Sources */ = {isa = PBXBuildFile; fileRef = 0A7C38031A63187A00135E66 /* CKPasswordValidator.m */; };
		0A7C38091A63187A00135E66 /* CKValidationMessage.m in Sources */ = {isa = PBXBuildFile; fileRef = 0A7C38051A63187A00135E66 /* CKValidationMessage.m */; };
		0A7C380A1A63187A00135E66 /* CKValidationMessageCell.m in Sources */ = {isa = PBXBuildFile; fileRef = 0A7C38071A63187A00135E66 /* CKValidationMessageCell.m */; };
		0A7C380F1A63189100135E66 /* LaunchScreen.xib in Resources */ = {isa = PBXBuildFile; fileRef = 0A7C380B1A63189100135E66 /* LaunchScreen.xib */; };
		0A7C38101A63189100135E66 /* Main.storyboard in Resources */ = {isa = PBXBuildFile; fileRef = 0A7C380D1A63189100135E66 /* Main.storyboard */; };
		0A7C381E1A63199D00135E66 /* CKPasswordCellTests.m in Sources */ = {isa = PBXBuildFile; fileRef = 0A7C381D1A63199D00135E66 /* CKPasswordCellTests.m */; };
/* End PBXBuildFile section */

/* Begin PBXContainerItemProxy section */
		0A7C381F1A63199D00135E66 /* PBXContainerItemProxy */ = {
			isa = PBXContainerItemProxy;
			containerPortal = 0AD996B61A576BE700D4C343 /* Project object */;
			proxyType = 1;
			remoteGlobalIDString = 0AD996BD1A576BE700D4C343;
			remoteInfo = CKPasswordCell;
		};
/* End PBXContainerItemProxy section */

/* Begin PBXFileReference section */
		0A7C37D61A63172500135E66 /* AppDelegate.h */ = {isa = PBXFileReference; fileEncoding = 4; lastKnownFileType = sourcecode.c.h; name = AppDelegate.h; path = CKPasswordCell/AppDelegate.h; sourceTree = SOURCE_ROOT; };
		0A7C37D71A63172500135E66 /* AppDelegate.m */ = {isa = PBXFileReference; fileEncoding = 4; lastKnownFileType = sourcecode.c.objc; name = AppDelegate.m; path = CKPasswordCell/AppDelegate.m; sourceTree = SOURCE_ROOT; };
		0A7C37D91A63172F00135E66 /* ViewController.h */ = {isa = PBXFileReference; fileEncoding = 4; lastKnownFileType = sourcecode.c.h; name = ViewController.h; path = CKPasswordCell/ViewController.h; sourceTree = SOURCE_ROOT; };
		0A7C37DA1A63172F00135E66 /* ViewController.m */ = {isa = PBXFileReference; fileEncoding = 4; lastKnownFileType = sourcecode.c.objc; name = ViewController.m; path = CKPasswordCell/ViewController.m; sourceTree = SOURCE_ROOT; };
		0A7C37DF1A63175F00135E66 /* Images.xcassets */ = {isa = PBXFileReference; lastKnownFileType = folder.assetcatalog; name = Images.xcassets; path = CKPasswordCell/Images.xcassets; sourceTree = SOURCE_ROOT; };
		0A7C37E41A63177400135E66 /* Info.plist */ = {isa = PBXFileReference; fileEncoding = 4; lastKnownFileType = text.plist.xml; name = Info.plist; path = CKPasswordCell/Info.plist; sourceTree = SOURCE_ROOT; };
		0A7C37E51A63177400135E66 /* main.m */ = {isa = PBXFileReference; fileEncoding = 4; lastKnownFileType = sourcecode.c.objc; name = main.m; path = CKPasswordCell/main.m; sourceTree = SOURCE_ROOT; };
		0A7C37F71A63183D00135E66 /* pwd_error@2x.png */ = {isa = PBXFileReference; lastKnownFileType = image.png; path = "pwd_error@2x.png"; sourceTree = "<group>"; };
		0A7C37F81A63183D00135E66 /* pwd_ok@2x.png */ = {isa = PBXFileReference; lastKnownFileType = image.png; path = "pwd_ok@2x.png"; sourceTree = "<group>"; };
		0A7C37FC1A63185900135E66 /* CKPasswordCell.h */ = {isa = PBXFileReference; fileEncoding = 4; lastKnownFileType = sourcecode.c.h; path = CKPasswordCell.h; sourceTree = "<group>"; };
		0A7C37FD1A63185900135E66 /* CKPasswordCell.m */ = {isa = PBXFileReference; fileEncoding = 4; lastKnownFileType = sourcecode.c.objc; path = CKPasswordCell.m; sourceTree = "<group>"; };
		0A7C37FE1A63185900135E66 /* CKPasswordCell.xib */ = {isa = PBXFileReference; fileEncoding = 4; lastKnownFileType = file.xib; path = CKPasswordCell.xib; sourceTree = "<group>"; };
		0A7C38021A63187A00135E66 /* CKPasswordValidator.h */ = {isa = PBXFileReference; fileEncoding = 4; lastKnownFileType = sourcecode.c.h; path = CKPasswordValidator.h; sourceTree = "<group>"; };
		0A7C38031A63187A00135E66 /* CKPasswordValidator.m */ = {isa = PBXFileReference; fileEncoding = 4; lastKnownFileType = sourcecode.c.objc; path = CKPasswordValidator.m; sourceTree = "<group>"; };
		0A7C38041A63187A00135E66 /* CKValidationMessage.h */ = {isa = PBXFileReference; fileEncoding = 4; lastKnownFileType = sourcecode.c.h; path = CKValidationMessage.h; sourceTree = "<group>"; };
		0A7C38051A63187A00135E66 /* CKValidationMessage.m */ = {isa = PBXFileReference; fileEncoding = 4; lastKnownFileType = sourcecode.c.objc; path = CKValidationMessage.m; sourceTree = "<group>"; };
		0A7C38061A63187A00135E66 /* CKValidationMessageCell.h */ = {isa = PBXFileReference; fileEncoding = 4; lastKnownFileType = sourcecode.c.h; path = CKValidationMessageCell.h; sourceTree = "<group>"; };
		0A7C38071A63187A00135E66 /* CKValidationMessageCell.m */ = {isa = PBXFileReference; fileEncoding = 4; lastKnownFileType = sourcecode.c.objc; path = CKValidationMessageCell.m; sourceTree = "<group>"; };
		0A7C380C1A63189100135E66 /* Base */ = {isa = PBXFileReference; lastKnownFileType = file.xib; name = Base; path = CKPasswordCell/Base.lproj/LaunchScreen.xib; sourceTree = SOURCE_ROOT; };
		0A7C380E1A63189100135E66 /* Base */ = {isa = PBXFileReference; lastKnownFileType = file.storyboard; name = Base; path = CKPasswordCell/Base.lproj/Main.storyboard; sourceTree = SOURCE_ROOT; };
		0A7C38191A63199D00135E66 /* CKPasswordCellTests.xctest */ = {isa = PBXFileReference; explicitFileType = wrapper.cfbundle; includeInIndex = 0; path = CKPasswordCellTests.xctest; sourceTree = BUILT_PRODUCTS_DIR; };
		0A7C381C1A63199D00135E66 /* Info.plist */ = {isa = PBXFileReference; lastKnownFileType = text.plist.xml; path = Info.plist; sourceTree = "<group>"; };
		0A7C381D1A63199D00135E66 /* CKPasswordCellTests.m */ = {isa = PBXFileReference; lastKnownFileType = sourcecode.c.objc; path = CKPasswordCellTests.m; sourceTree = "<group>"; };
		0AD996BE1A576BE700D4C343 /* CKPasswordCell.app */ = {isa = PBXFileReference; explicitFileType = wrapper.application; includeInIndex = 0; path = CKPasswordCell.app; sourceTree = BUILT_PRODUCTS_DIR; };
/* End PBXFileReference section */

/* Begin PBXFrameworksBuildPhase section */
		0A7C38161A63199D00135E66 /* Frameworks */ = {
			isa = PBXFrameworksBuildPhase;
			buildActionMask = 2147483647;
			files = (
			);
			runOnlyForDeploymentPostprocessing = 0;
		};
		0AD996BB1A576BE700D4C343 /* Frameworks */ = {
			isa = PBXFrameworksBuildPhase;
			buildActionMask = 2147483647;
			files = (
			);
			runOnlyForDeploymentPostprocessing = 0;
		};
/* End PBXFrameworksBuildPhase section */

/* Begin PBXGroup section */
		0A7C37F61A63183D00135E66 /* Resources */ = {
			isa = PBXGroup;
			children = (
				0A7C37F71A63183D00135E66 /* pwd_error@2x.png */,
				0A7C37F81A63183D00135E66 /* pwd_ok@2x.png */,
			);
			name = Resources;
			path = CKPasswordCell/Resources;
			sourceTree = SOURCE_ROOT;
		};
		0A7C37FB1A63185900135E66 /* CKPasswordCell */ = {
			isa = PBXGroup;
			children = (
				0A7C37FC1A63185900135E66 /* CKPasswordCell.h */,
				0A7C37FD1A63185900135E66 /* CKPasswordCell.m */,
				0A7C37FE1A63185900135E66 /* CKPasswordCell.xib */,
			);
			name = CKPasswordCell;
			path = CKPasswordCell/CKPasswordCell;
			sourceTree = SOURCE_ROOT;
		};
		0A7C38011A63187A00135E66 /* Validation */ = {
			isa = PBXGroup;
			children = (
				0A7C38021A63187A00135E66 /* CKPasswordValidator.h */,
				0A7C38031A63187A00135E66 /* CKPasswordValidator.m */,
				0A7C38041A63187A00135E66 /* CKValidationMessage.h */,
				0A7C38051A63187A00135E66 /* CKValidationMessage.m */,
				0A7C38061A63187A00135E66 /* CKValidationMessageCell.h */,
				0A7C38071A63187A00135E66 /* CKValidationMessageCell.m */,
			);
			name = Validation;
			path = CKPasswordCell/Validation;
			sourceTree = SOURCE_ROOT;
		};
		0A7C381A1A63199D00135E66 /* CKPasswordCellTests */ = {
			isa = PBXGroup;
			children = (
				0A7C381D1A63199D00135E66 /* CKPasswordCellTests.m */,
				0A7C381B1A63199D00135E66 /* Supporting Files */,
			);
			path = CKPasswordCellTests;
			sourceTree = "<group>";
		};
		0A7C381B1A63199D00135E66 /* Supporting Files */ = {
			isa = PBXGroup;
			children = (
				0A7C381C1A63199D00135E66 /* Info.plist */,
			);
			name = "Supporting Files";
			sourceTree = "<group>";
		};
		0AD996B51A576BE700D4C343 = {
			isa = PBXGroup;
			children = (
				0AD996C01A576BE700D4C343 /* CKPasswordCell */,
				0A7C381A1A63199D00135E66 /* CKPasswordCellTests */,
				0AD996BF1A576BE700D4C343 /* Products */,
			);
			sourceTree = "<group>";
		};
		0AD996BF1A576BE700D4C343 /* Products */ = {
			isa = PBXGroup;
			children = (
				0AD996BE1A576BE700D4C343 /* CKPasswordCell.app */,
				0A7C38191A63199D00135E66 /* CKPasswordCellTests.xctest */,
			);
			name = Products;
			sourceTree = "<group>";
		};
		0AD996C01A576BE700D4C343 /* CKPasswordCell */ = {
			isa = PBXGroup;
			children = (
				0A7C380B1A63189100135E66 /* LaunchScreen.xib */,
				0A7C380D1A63189100135E66 /* Main.storyboard */,
				0A7C37FB1A63185900135E66 /* CKPasswordCell */,
				0A7C38011A63187A00135E66 /* Validation */,
				0A7C37F61A63183D00135E66 /* Resources */,
				0A7C37D61A63172500135E66 /* AppDelegate.h */,
				0A7C37D71A63172500135E66 /* AppDelegate.m */,
				0A7C37D91A63172F00135E66 /* ViewController.h */,
				0A7C37DA1A63172F00135E66 /* ViewController.m */,
				0A7C37DF1A63175F00135E66 /* Images.xcassets */,
				0AD996C11A576BE700D4C343 /* Supporting Files */,
			);
			name = CKPasswordCell;
			path = HHPasswordCell;
			sourceTree = "<group>";
		};
		0AD996C11A576BE700D4C343 /* Supporting Files */ = {
			isa = PBXGroup;
			children = (
				0A7C37E41A63177400135E66 /* Info.plist */,
				0A7C37E51A63177400135E66 /* main.m */,
			);
			name = "Supporting Files";
			sourceTree = "<group>";
		};
/* End PBXGroup section */

/* Begin PBXNativeTarget section */
		0A7C38181A63199D00135E66 /* CKPasswordCellTests */ = {
			isa = PBXNativeTarget;
			buildConfigurationList = 0A7C38211A63199D00135E66 /* Build configuration list for PBXNativeTarget "CKPasswordCellTests" */;
			buildPhases = (
				0A7C38151A63199D00135E66 /* Sources */,
				0A7C38161A63199D00135E66 /* Frameworks */,
				0A7C38171A63199D00135E66 /* Resources */,
			);
			buildRules = (
			);
			dependencies = (
				0A7C38201A63199D00135E66 /* PBXTargetDependency */,
			);
			name = CKPasswordCellTests;
			productName = CKPasswordCellTests;
			productReference = 0A7C38191A63199D00135E66 /* CKPasswordCellTests.xctest */;
			productType = "com.apple.product-type.bundle.unit-test";
		};
		0AD996BD1A576BE700D4C343 /* CKPasswordCell */ = {
			isa = PBXNativeTarget;
			buildConfigurationList = 0AD996E11A576BE800D4C343 /* Build configuration list for PBXNativeTarget "CKPasswordCell" */;
			buildPhases = (
				0AD996BA1A576BE700D4C343 /* Sources */,
				0AD996BB1A576BE700D4C343 /* Frameworks */,
				0AD996BC1A576BE700D4C343 /* Resources */,
			);
			buildRules = (
			);
			dependencies = (
			);
			name = CKPasswordCell;
			productName = HHPasswordCell;
			productReference = 0AD996BE1A576BE700D4C343 /* CKPasswordCell.app */;
			productType = "com.apple.product-type.application";
		};
/* End PBXNativeTarget section */

/* Begin PBXProject section */
		0AD996B61A576BE700D4C343 /* Project object */ = {
			isa = PBXProject;
			attributes = {
				LastUpgradeCheck = 0610;
				ORGANIZATIONNAME = "Kevin Chen";
				TargetAttributes = {
					0A7C38181A63199D00135E66 = {
						CreatedOnToolsVersion = 6.1.1;
						TestTargetID = 0AD996BD1A576BE700D4C343;
					};
					0AD996BD1A576BE700D4C343 = {
						CreatedOnToolsVersion = 6.1.1;
					};
				};
			};
			buildConfigurationList = 0AD996B91A576BE700D4C343 /* Build configuration list for PBXProject "CKPasswordCell" */;
			compatibilityVersion = "Xcode 3.2";
			developmentRegion = English;
			hasScannedForEncodings = 0;
			knownRegions = (
				en,
				Base,
			);
			mainGroup = 0AD996B51A576BE700D4C343;
			productRefGroup = 0AD996BF1A576BE700D4C343 /* Products */;
			projectDirPath = "";
			projectRoot = "";
			targets = (
				0AD996BD1A576BE700D4C343 /* CKPasswordCell */,
				0A7C38181A63199D00135E66 /* CKPasswordCellTests */,
			);
		};
/* End PBXProject section */

/* Begin PBXResourcesBuildPhase section */
		0A7C38171A63199D00135E66 /* Resources */ = {
			isa = PBXResourcesBuildPhase;
			buildActionMask = 2147483647;
			files = (
			);
			runOnlyForDeploymentPostprocessing = 0;
		};
		0AD996BC1A576BE700D4C343 /* Resources */ = {
			isa = PBXResourcesBuildPhase;
			buildActionMask = 2147483647;
			files = (
				0A7C380F1A63189100135E66 /* LaunchScreen.xib in Resources */,
				0A7C37E01A63175F00135E66 /* Images.xcassets in Resources */,
				0A7C38001A63185900135E66 /* CKPasswordCell.xib in Resources */,
				0A7C38101A63189100135E66 /* Main.storyboard in Resources */,
				0A7C37FA1A63183D00135E66 /* pwd_ok@2x.png in Resources */,
				0A7C37F91A63183D00135E66 /* pwd_error@2x.png in Resources */,
			);
			runOnlyForDeploymentPostprocessing = 0;
		};
/* End PBXResourcesBuildPhase section */

/* Begin PBXSourcesBuildPhase section */
		0A7C38151A63199D00135E66 /* Sources */ = {
			isa = PBXSourcesBuildPhase;
			buildActionMask = 2147483647;
			files = (
				0A7C381E1A63199D00135E66 /* CKPasswordCellTests.m in Sources */,
			);
			runOnlyForDeploymentPostprocessing = 0;
		};
		0AD996BA1A576BE700D4C343 /* Sources */ = {
			isa = PBXSourcesBuildPhase;
			buildActionMask = 2147483647;
			files = (
				0A7C37DB1A63172F00135E66 /* ViewController.m in Sources */,
				0A7C38081A63187A00135E66 /* CKPasswordValidator.m in Sources */,
				0A7C38091A63187A00135E66 /* CKValidationMessage.m in Sources */,
				0A7C37FF1A63185900135E66 /* CKPasswordCell.m in Sources */,
				0A7C37D81A63172500135E66 /* AppDelegate.m in Sources */,
				0A7C37E71A63177400135E66 /* main.m in Sources */,
				0A7C380A1A63187A00135E66 /* CKValidationMessageCell.m in Sources */,
			);
			runOnlyForDeploymentPostprocessing = 0;
		};
/* End PBXSourcesBuildPhase section */

/* Begin PBXTargetDependency section */
		0A7C38201A63199D00135E66 /* PBXTargetDependency */ = {
			isa = PBXTargetDependency;
			target = 0AD996BD1A576BE700D4C343 /* CKPasswordCell */;
			targetProxy = 0A7C381F1A63199D00135E66 /* PBXContainerItemProxy */;
		};
/* End PBXTargetDependency section */

/* Begin PBXVariantGroup section */
		0A7C380B1A63189100135E66 /* LaunchScreen.xib */ = {
			isa = PBXVariantGroup;
			children = (
				0A7C380C1A63189100135E66 /* Base */,
			);
			name = LaunchScreen.xib;
			sourceTree = "<group>";
		};
		0A7C380D1A63189100135E66 /* Main.storyboard */ = {
			isa = PBXVariantGroup;
			children = (
				0A7C380E1A63189100135E66 /* Base */,
			);
			name = Main.storyboard;
			sourceTree = "<group>";
		};
/* End PBXVariantGroup section */

/* Begin XCBuildConfiguration section */
		0A7C38221A63199D00135E66 /* Debug */ = {
			isa = XCBuildConfiguration;
			buildSettings = {
				BUNDLE_LOADER = "$(TEST_HOST)";
				FRAMEWORK_SEARCH_PATHS = (
					"$(SDKROOT)/Developer/Library/Frameworks",
					"$(inherited)",
				);
				GCC_PREPROCESSOR_DEFINITIONS = (
					"DEBUG=1",
					"$(inherited)",
				);
				INFOPLIST_FILE = CKPasswordCellTests/Info.plist;
				LD_RUNPATH_SEARCH_PATHS = "$(inherited) @executable_path/Frameworks @loader_path/Frameworks";
				PRODUCT_NAME = "$(TARGET_NAME)";
				TEST_HOST = "$(BUILT_PRODUCTS_DIR)/CKPasswordCell.app/CKPasswordCell";
			};
			name = Debug;
		};
		0A7C38231A63199D00135E66 /* Release */ = {
			isa = XCBuildConfiguration;
			buildSettings = {
				BUNDLE_LOADER = "$(TEST_HOST)";
				FRAMEWORK_SEARCH_PATHS = (
					"$(SDKROOT)/Developer/Library/Frameworks",
					"$(inherited)",
				);
				INFOPLIST_FILE = CKPasswordCellTests/Info.plist;
				LD_RUNPATH_SEARCH_PATHS = "$(inherited) @executable_path/Frameworks @loader_path/Frameworks";
				PRODUCT_NAME = "$(TARGET_NAME)";
				TEST_HOST = "$(BUILT_PRODUCTS_DIR)/CKPasswordCell.app/CKPasswordCell";
			};
			name = Release;
		};
		0AD996DF1A576BE800D4C343 /* Debug */ = {
			isa = XCBuildConfiguration;
			buildSettings = {
				ALWAYS_SEARCH_USER_PATHS = NO;
				CLANG_CXX_LANGUAGE_STANDARD = "gnu++0x";
				CLANG_CXX_LIBRARY = "libc++";
				CLANG_ENABLE_MODULES = YES;
				CLANG_ENABLE_OBJC_ARC = YES;
				CLANG_WARN_BOOL_CONVERSION = YES;
				CLANG_WARN_CONSTANT_CONVERSION = YES;
				CLANG_WARN_DIRECT_OBJC_ISA_USAGE = YES_ERROR;
				CLANG_WARN_EMPTY_BODY = YES;
				CLANG_WARN_ENUM_CONVERSION = YES;
				CLANG_WARN_INT_CONVERSION = YES;
				CLANG_WARN_OBJC_ROOT_CLASS = YES_ERROR;
				CLANG_WARN_UNREACHABLE_CODE = YES;
				CLANG_WARN__DUPLICATE_METHOD_MATCH = YES;
				"CODE_SIGN_IDENTITY[sdk=iphoneos*]" = "iPhone Developer";
				COPY_PHASE_STRIP = NO;
				ENABLE_STRICT_OBJC_MSGSEND = YES;
				GCC_C_LANGUAGE_STANDARD = gnu99;
				GCC_DYNAMIC_NO_PIC = NO;
				GCC_OPTIMIZATION_LEVEL = 0;
				GCC_PREPROCESSOR_DEFINITIONS = (
					"DEBUG=1",
					"$(inherited)",
				);
				GCC_SYMBOLS_PRIVATE_EXTERN = NO;
				GCC_WARN_64_TO_32_BIT_CONVERSION = YES;
				GCC_WARN_ABOUT_RETURN_TYPE = YES_ERROR;
				GCC_WARN_UNDECLARED_SELECTOR = YES;
				GCC_WARN_UNINITIALIZED_AUTOS = YES_AGGRESSIVE;
				GCC_WARN_UNUSED_FUNCTION = YES;
				GCC_WARN_UNUSED_VARIABLE = YES;
				IPHONEOS_DEPLOYMENT_TARGET = 8.1;
				MTL_ENABLE_DEBUG_INFO = YES;
				ONLY_ACTIVE_ARCH = YES;
				SDKROOT = iphoneos;
				TARGETED_DEVICE_FAMILY = "1,2";
			};
			name = Debug;
		};
		0AD996E01A576BE800D4C343 /* Release */ = {
			isa = XCBuildConfiguration;
			buildSettings = {
				ALWAYS_SEARCH_USER_PATHS = NO;
				CLANG_CXX_LANGUAGE_STANDARD = "gnu++0x";
				CLANG_CXX_LIBRARY = "libc++";
				CLANG_ENABLE_MODULES = YES;
				CLANG_ENABLE_OBJC_ARC = YES;
				CLANG_WARN_BOOL_CONVERSION = YES;
				CLANG_WARN_CONSTANT_CONVERSION = YES;
				CLANG_WARN_DIRECT_OBJC_ISA_USAGE = YES_ERROR;
				CLANG_WARN_EMPTY_BODY = YES;
				CLANG_WARN_ENUM_CONVERSION = YES;
				CLANG_WARN_INT_CONVERSION = YES;
				CLANG_WARN_OBJC_ROOT_CLASS = YES_ERROR;
				CLANG_WARN_UNREACHABLE_CODE = YES;
				CLANG_WARN__DUPLICATE_METHOD_MATCH = YES;
				"CODE_SIGN_IDENTITY[sdk=iphoneos*]" = "iPhone Developer";
				COPY_PHASE_STRIP = YES;
				ENABLE_NS_ASSERTIONS = NO;
				ENABLE_STRICT_OBJC_MSGSEND = YES;
				GCC_C_LANGUAGE_STANDARD = gnu99;
				GCC_WARN_64_TO_32_BIT_CONVERSION = YES;
				GCC_WARN_ABOUT_RETURN_TYPE = YES_ERROR;
				GCC_WARN_UNDECLARED_SELECTOR = YES;
				GCC_WARN_UNINITIALIZED_AUTOS = YES_AGGRESSIVE;
				GCC_WARN_UNUSED_FUNCTION = YES;
				GCC_WARN_UNUSED_VARIABLE = YES;
				IPHONEOS_DEPLOYMENT_TARGET = 8.1;
				MTL_ENABLE_DEBUG_INFO = NO;
				SDKROOT = iphoneos;
				TARGETED_DEVICE_FAMILY = "1,2";
				VALIDATE_PRODUCT = YES;
			};
			name = Release;
		};
		0AD996E21A576BE800D4C343 /* Debug */ = {
			isa = XCBuildConfiguration;
			buildSettings = {
				ASSETCATALOG_COMPILER_APPICON_NAME = AppIcon;
				ASSETCATALOG_COMPILER_LAUNCHIMAGE_NAME = LaunchImage;
				INFOPLIST_FILE = "$(SRCROOT)/CKPasswordCell/Info.plist";
				IPHONEOS_DEPLOYMENT_TARGET = 7.1;
				LD_RUNPATH_SEARCH_PATHS = "$(inherited) @executable_path/Frameworks";
				PRODUCT_NAME = CKPasswordCell;
			};
			name = Debug;
		};
		0AD996E31A576BE800D4C343 /* Release */ = {
			isa = XCBuildConfiguration;
			buildSettings = {
				ASSETCATALOG_COMPILER_APPICON_NAME = AppIcon;
				ASSETCATALOG_COMPILER_LAUNCHIMAGE_NAME = LaunchImage;
				INFOPLIST_FILE = "$(SRCROOT)/CKPasswordCell/Info.plist";
				IPHONEOS_DEPLOYMENT_TARGET = 7.1;
				LD_RUNPATH_SEARCH_PATHS = "$(inherited) @executable_path/Frameworks";
				PRODUCT_NAME = CKPasswordCell;
			};
			name = Release;
		};
/* End XCBuildConfiguration section */

/* Begin XCConfigurationList section */
		0A7C38211A63199D00135E66 /* Build configuration list for PBXNativeTarget "CKPasswordCellTests" */ = {
			isa = XCConfigurationList;
			buildConfigurations = (
				0A7C38221A63199D00135E66 /* Debug */,
				0A7C38231A63199D00135E66 /* Release */,
			);
			defaultConfigurationIsVisible = 0;
		};
		0AD996B91A576BE700D4C343 /* Build configuration list for PBXProject "CKPasswordCell" */ = {
			isa = XCConfigurationList;
			buildConfigurations = (
				0AD996DF1A576BE800D4C343 /* Debug */,
				0AD996E01A576BE800D4C343 /* Release */,
			);
			defaultConfigurationIsVisible = 0;
			defaultConfigurationName = Release;
		};
		0AD996E11A576BE800D4C343 /* Build configuration list for PBXNativeTarget "CKPasswordCell" */ = {
			isa = XCConfigurationList;
			buildConfigurations = (
				0AD996E21A576BE800D4C343 /* Debug */,
				0AD996E31A576BE800D4C343 /* Release */,
			);
			defaultConfigurationIsVisible = 0;
			defaultConfigurationName = Release;
		};
/* End XCConfigurationList section */
	};
	rootObject = 0AD996B61A576BE700D4C343 /* Project object */;
}
